
Microsoft Visual Studio Solution File, Format Version 12.00
# Visual Studio Version 17
VisualStudioVersion = 17.8.34330.188
MinimumVisualStudioVersion = 10.0.40219.1
Project("{FAE04EC0-301F-11D3-BF4B-00C04F79EFBC}") = "ClassesReviewPlusMore", "ClassesReviewPlusMore\ClassesReviewPlusMore.csproj", "{54768009-1FBA-4D4A-9D2D-E73528C56730}"
EndProject
Global
	GlobalSection(SolutionConfigurationPlatforms) = preSolution
		Debug|Any CPU = Debug|Any CPU
		Release|Any CPU = Release|Any CPU
	EndGlobalSection
	GlobalSection(ProjectConfigurationPlatforms) = postSolution
		{54768009-1FBA-4D4A-9D2D-E73528C56730}.Debug|Any CPU.ActiveCfg = Debug|Any CPU
		{54768009-1FBA-4D4A-9D2D-E73528C56730}.Debug|Any CPU.Build.0 = Debug|Any CPU
		{54768009-1FBA-4D4A-9D2D-E73528C56730}.Release|Any CPU.ActiveCfg = Release|Any CPU
		{54768009-1FBA-4D4A-9D2D-E73528C56730}.Release|Any CPU.Build.0 = Release|Any CPU
	EndGlobalSection
	GlobalSection(SolutionProperties) = preSolution
		HideSolutionNode = FALSE
	EndGlobalSection
	GlobalSection(ExtensibilityGlobals) = postSolution
		SolutionGuid = {8A43685A-D861-45F1-94CD-7A61E64AA7C9}
	EndGlobalSection
EndGlobal
